
Microsoft Visual Studio Solution File, Format Version 12.00
# Visual Studio Version 17
VisualStudioVersion = 17.4.33205.214
MinimumVisualStudioVersion = 10.0.40219.1
Project("{FAE04EC0-301F-11D3-BF4B-00C04F79EFBC}") = "GraphicHW", "GraphicHW\GraphicHW.csproj", "{6F23031D-38C7-4FC8-AD28-5D5C12373997}"
EndProject
Global
	GlobalSection(SolutionConfigurationPlatforms) = preSolution
		Debug|Any CPU = Debug|Any CPU
		Release|Any CPU = Release|Any CPU
	EndGlobalSection
	GlobalSection(ProjectConfigurationPlatforms) = postSolution
		{6F23031D-38C7-4FC8-AD28-5D5C12373997}.Debug|Any CPU.ActiveCfg = Debug|Any CPU
		{6F23031D-38C7-4FC8-AD28-5D5C12373997}.Debug|Any CPU.Build.0 = Debug|Any CPU
		{6F23031D-38C7-4FC8-AD28-5D5C12373997}.Release|Any CPU.ActiveCfg = Release|Any CPU
		{6F23031D-38C7-4FC8-AD28-5D5C12373997}.Release|Any CPU.Build.0 = Release|Any CPU
	EndGlobalSection
	GlobalSection(SolutionProperties) = preSolution
		HideSolutionNode = FALSE
	EndGlobalSection
	GlobalSection(ExtensibilityGlobals) = postSolution
		SolutionGuid = {E7178E96-7957-405B-8E5B-9A84B4C9BC96}
	EndGlobalSection
EndGlobal
